
Microsoft Visual Studio Solution File, Format Version 12.00
# Visual Studio Version 16
VisualStudioVersion = 16.0.31019.194
MinimumVisualStudioVersion = 10.0.40219.1
Project("{9A19103F-16F7-4668-BE54-9A1E7A4F7556}") = "APIGateway", "APIGateway\APIGateway.csproj", "{AC093B6A-A1B2-4396-B58D-5153BBC7E66F}"
EndProject
Project("{2150E333-8FDC-42A3-9474-1A3956D46DE8}") = "Services", "Services", "{B247E175-297F-4277-A77A-A75ED7949095}"
EndProject
Project("{9A19103F-16F7-4668-BE54-9A1E7A4F7556}") = "Contact.API", "Services\ContactAPI\Contact.API\Contact.API.csproj", "{F5632D73-7288-4B68-8037-5E6145A569E8}"
EndProject
Project("{9A19103F-16F7-4668-BE54-9A1E7A4F7556}") = "Reservation.API", "Services\ResAPI\Reservation.API\Reservation.API.csproj", "{1E5496E4-70FC-4E46-8238-FD5057BE863D}"
EndProject
Project("{2150E333-8FDC-42A3-9474-1A3956D46DE8}") = "ContactAPI", "ContactAPI", "{A0D0F22E-7976-4AB7-ACF3-520739D29B3B}"
EndProject
Project("{2150E333-8FDC-42A3-9474-1A3956D46DE8}") = "ReservationAPI", "ReservationAPI", "{D12465C4-C18F-42F2-AA00-756A0143DC51}"
EndProject
Project("{9A19103F-16F7-4668-BE54-9A1E7A4F7556}") = "Contact.API.Infrastructure", "Services\ContactAPI\Contact.API.Infrastructure\Contact.API.Infrastructure.csproj", "{9ED47B7F-50D1-4281-B696-843D10AA2824}"
EndProject
Project("{9A19103F-16F7-4668-BE54-9A1E7A4F7556}") = "Contact.API.Models", "Services\ContactAPI\Contact.API.Models\Contact.API.Models.csproj", "{C0BCB465-C868-44FB-8666-752EBAC2E71F}"
EndProject
Project("{9A19103F-16F7-4668-BE54-9A1E7A4F7556}") = "Contact.API.Services", "Services\ContactAPI\Contact.API.Services\Contact.API.Services.csproj", "{B0BAF72A-5D8F-4D47-BD6C-1706C4819C27}"
EndProject
Project("{9A19103F-16F7-4668-BE54-9A1E7A4F7556}") = "Reservation.API.Infrastructure", "Services\ResAPI\Reservation.API.Infrastructure\Reservation.API.Infrastructure.csproj", "{C98CE4BD-CB12-4F34-98DE-23530FF171D0}"
EndProject
Project("{9A19103F-16F7-4668-BE54-9A1E7A4F7556}") = "Reservation.API.Services", "Services\ResAPI\Reservation.API.Services\Reservation.API.Services.csproj", "{65F8E3F5-E2FB-42A3-863E-0C3289878B1C}"
EndProject
Project("{9A19103F-16F7-4668-BE54-9A1E7A4F7556}") = "Reservation.API.Models", "Services\ResAPI\Reservation.API.Models\Reservation.API.Models.csproj", "{8C5F49CA-3F2B-480C-BCDB-5F07A6114316}"
EndProject
Project("{2150E333-8FDC-42A3-9474-1A3956D46DE8}") = "BFF", "BFF", "{EDAADD20-6CCB-4F06-8C0F-48E29B1174DC}"
EndProject
Global
	GlobalSection(SolutionConfigurationPlatforms) = preSolution
		Debug|Any CPU = Debug|Any CPU
		Release|Any CPU = Release|Any CPU
	EndGlobalSection
	GlobalSection(ProjectConfigurationPlatforms) = postSolution
		{AC093B6A-A1B2-4396-B58D-5153BBC7E66F}.Debug|Any CPU.ActiveCfg = Debug|Any CPU
		{AC093B6A-A1B2-4396-B58D-5153BBC7E66F}.Debug|Any CPU.Build.0 = Debug|Any CPU
		{AC093B6A-A1B2-4396-B58D-5153BBC7E66F}.Release|Any CPU.ActiveCfg = Release|Any CPU
		{AC093B6A-A1B2-4396-B58D-5153BBC7E66F}.Release|Any CPU.Build.0 = Release|Any CPU
		{F5632D73-7288-4B68-8037-5E6145A569E8}.Debug|Any CPU.ActiveCfg = Debug|Any CPU
		{F5632D73-7288-4B68-8037-5E6145A569E8}.Debug|Any CPU.Build.0 = Debug|Any CPU
		{F5632D73-7288-4B68-8037-5E6145A569E8}.Release|Any CPU.ActiveCfg = Release|Any CPU
		{F5632D73-7288-4B68-8037-5E6145A569E8}.Release|Any CPU.Build.0 = Release|Any CPU
		{1E5496E4-70FC-4E46-8238-FD5057BE863D}.Debug|Any CPU.ActiveCfg = Debug|Any CPU
		{1E5496E4-70FC-4E46-8238-FD5057BE863D}.Debug|Any CPU.Build.0 = Debug|Any CPU
		{1E5496E4-70FC-4E46-8238-FD5057BE863D}.Release|Any CPU.ActiveCfg = Release|Any CPU
		{1E5496E4-70FC-4E46-8238-FD5057BE863D}.Release|Any CPU.Build.0 = Release|Any CPU
		{9ED47B7F-50D1-4281-B696-843D10AA2824}.Debug|Any CPU.ActiveCfg = Debug|Any CPU
		{9ED47B7F-50D1-4281-B696-843D10AA2824}.Debug|Any CPU.Build.0 = Debug|Any CPU
		{9ED47B7F-50D1-4281-B696-843D10AA2824}.Release|Any CPU.ActiveCfg = Release|Any CPU
		{9ED47B7F-50D1-4281-B696-843D10AA2824}.Release|Any CPU.Build.0 = Release|Any CPU
		{C0BCB465-C868-44FB-8666-752EBAC2E71F}.Debug|Any CPU.ActiveCfg = Debug|Any CPU
		{C0BCB465-C868-44FB-8666-752EBAC2E71F}.Debug|Any CPU.Build.0 = Debug|Any CPU
		{C0BCB465-C868-44FB-8666-752EBAC2E71F}.Release|Any CPU.ActiveCfg = Release|Any CPU
		{C0BCB465-C868-44FB-8666-752EBAC2E71F}.Release|Any CPU.Build.0 = Release|Any CPU
		{B0BAF72A-5D8F-4D47-BD6C-1706C4819C27}.Debug|Any CPU.ActiveCfg = Debug|Any CPU
		{B0BAF72A-5D8F-4D47-BD6C-1706C4819C27}.Debug|Any CPU.Build.0 = Debug|Any CPU
		{B0BAF72A-5D8F-4D47-BD6C-1706C4819C27}.Release|Any CPU.ActiveCfg = Release|Any CPU
		{B0BAF72A-5D8F-4D47-BD6C-1706C4819C27}.Release|Any CPU.Build.0 = Release|Any CPU
		{C98CE4BD-CB12-4F34-98DE-23530FF171D0}.Debug|Any CPU.ActiveCfg = Debug|Any CPU
		{C98CE4BD-CB12-4F34-98DE-23530FF171D0}.Debug|Any CPU.Build.0 = Debug|Any CPU
		{C98CE4BD-CB12-4F34-98DE-23530FF171D0}.Release|Any CPU.ActiveCfg = Release|Any CPU
		{C98CE4BD-CB12-4F34-98DE-23530FF171D0}.Release|Any CPU.Build.0 = Release|Any CPU
		{65F8E3F5-E2FB-42A3-863E-0C3289878B1C}.Debug|Any CPU.ActiveCfg = Debug|Any CPU
		{65F8E3F5-E2FB-42A3-863E-0C3289878B1C}.Debug|Any CPU.Build.0 = Debug|Any CPU
		{65F8E3F5-E2FB-42A3-863E-0C3289878B1C}.Release|Any CPU.ActiveCfg = Release|Any CPU
		{65F8E3F5-E2FB-42A3-863E-0C3289878B1C}.Release|Any CPU.Build.0 = Release|Any CPU
		{8C5F49CA-3F2B-480C-BCDB-5F07A6114316}.Debug|Any CPU.ActiveCfg = Debug|Any CPU
		{8C5F49CA-3F2B-480C-BCDB-5F07A6114316}.Debug|Any CPU.Build.0 = Debug|Any CPU
		{8C5F49CA-3F2B-480C-BCDB-5F07A6114316}.Release|Any CPU.ActiveCfg = Release|Any CPU
		{8C5F49CA-3F2B-480C-BCDB-5F07A6114316}.Release|Any CPU.Build.0 = Release|Any CPU
	EndGlobalSection
	GlobalSection(SolutionProperties) = preSolution
		HideSolutionNode = FALSE
	EndGlobalSection
	GlobalSection(NestedProjects) = preSolution
		{AC093B6A-A1B2-4396-B58D-5153BBC7E66F} = {EDAADD20-6CCB-4F06-8C0F-48E29B1174DC}
		{F5632D73-7288-4B68-8037-5E6145A569E8} = {A0D0F22E-7976-4AB7-ACF3-520739D29B3B}
		{1E5496E4-70FC-4E46-8238-FD5057BE863D} = {D12465C4-C18F-42F2-AA00-756A0143DC51}
		{A0D0F22E-7976-4AB7-ACF3-520739D29B3B} = {B247E175-297F-4277-A77A-A75ED7949095}
		{D12465C4-C18F-42F2-AA00-756A0143DC51} = {B247E175-297F-4277-A77A-A75ED7949095}
		{9ED47B7F-50D1-4281-B696-843D10AA2824} = {A0D0F22E-7976-4AB7-ACF3-520739D29B3B}
		{C0BCB465-C868-44FB-8666-752EBAC2E71F} = {A0D0F22E-7976-4AB7-ACF3-520739D29B3B}
		{B0BAF72A-5D8F-4D47-BD6C-1706C4819C27} = {A0D0F22E-7976-4AB7-ACF3-520739D29B3B}
		{C98CE4BD-CB12-4F34-98DE-23530FF171D0} = {D12465C4-C18F-42F2-AA00-756A0143DC51}
		{65F8E3F5-E2FB-42A3-863E-0C3289878B1C} = {D12465C4-C18F-42F2-AA00-756A0143DC51}
		{8C5F49CA-3F2B-480C-BCDB-5F07A6114316} = {D12465C4-C18F-42F2-AA00-756A0143DC51}
	EndGlobalSection
	GlobalSection(ExtensibilityGlobals) = postSolution
		SolutionGuid = {5DCAF77E-6305-4B21-A92A-28D9EB4E252D}
	EndGlobalSection
EndGlobal
